
Microsoft Visual Studio Solution File, Format Version 12.00
# Visual Studio Version 16
VisualStudioVersion = 16.0.31729.503
MinimumVisualStudioVersion = 10.0.40219.1
Project("{FAE04EC0-301F-11D3-BF4B-00C04F79EFBC}") = "MyDictionary", "MyDictionary\MyDictionary.csproj", "{65300815-E0B0-4F7B-8CB1-558025D6D04F}"
EndProject
Global
	GlobalSection(SolutionConfigurationPlatforms) = preSolution
		Debug|Any CPU = Debug|Any CPU
		Release|Any CPU = Release|Any CPU
	EndGlobalSection
	GlobalSection(ProjectConfigurationPlatforms) = postSolution
		{65300815-E0B0-4F7B-8CB1-558025D6D04F}.Debug|Any CPU.ActiveCfg = Debug|Any CPU
		{65300815-E0B0-4F7B-8CB1-558025D6D04F}.Debug|Any CPU.Build.0 = Debug|Any CPU
		{65300815-E0B0-4F7B-8CB1-558025D6D04F}.Release|Any CPU.ActiveCfg = Release|Any CPU
		{65300815-E0B0-4F7B-8CB1-558025D6D04F}.Release|Any CPU.Build.0 = Release|Any CPU
	EndGlobalSection
	GlobalSection(SolutionProperties) = preSolution
		HideSolutionNode = FALSE
	EndGlobalSection
	GlobalSection(ExtensibilityGlobals) = postSolution
		SolutionGuid = {0984B201-1544-4596-BD5B-D390A1619D14}
	EndGlobalSection
EndGlobal
